
Microsoft Visual Studio Solution File, Format Version 12.00
# Visual Studio Version 17
VisualStudioVersion = 17.0.31903.59
MinimumVisualStudioVersion = 10.0.40219.1
Project("{2150E333-8FDC-42A3-9474-1A3956D46DE8}") = "src", "src", "{827E0CD3-B72D-47B6-A68D-7590B98EB39B}"
EndProject
Project("{2150E333-8FDC-42A3-9474-1A3956D46DE8}") = "BuildingBlocks", "BuildingBlocks", "{90298CBA-BD6F-3A0A-69D5-97CAD7B05E7E}"
EndProject
Project("{FAE04EC0-301F-11D3-BF4B-00C04F79EFBC}") = "HealthcareERP.BuildingBlocks.Application", "src\BuildingBlocks\HealthcareERP.BuildingBlocks.Application\HealthcareERP.BuildingBlocks.Application.csproj", "{B4874556-861D-45C7-8AAD-FD6B962F796B}"
EndProject
Project("{FAE04EC0-301F-11D3-BF4B-00C04F79EFBC}") = "HealthcareERP.BuildingBlocks.Contracts", "src\BuildingBlocks\HealthcareERP.BuildingBlocks.Contracts\HealthcareERP.BuildingBlocks.Contracts.csproj", "{8CDB9A6A-6E22-4AED-AA22-8485A51E936A}"
EndProject
Project("{FAE04EC0-301F-11D3-BF4B-00C04F79EFBC}") = "HealthcareERP.BuildingBlocks.Domain", "src\BuildingBlocks\HealthcareERP.BuildingBlocks.Domain\HealthcareERP.BuildingBlocks.Domain.csproj", "{EFEED1E4-B4EB-4755-8681-0887D02B524B}"
EndProject
Project("{FAE04EC0-301F-11D3-BF4B-00C04F79EFBC}") = "HealthcareERP.BuildingBlocks.Infrastructure", "src\BuildingBlocks\HealthcareERP.BuildingBlocks.Infrastructure\HealthcareERP.BuildingBlocks.Infrastructure.csproj", "{51147888-0173-4722-AB02-0FFDE6ACE34A}"
EndProject
Project("{2150E333-8FDC-42A3-9474-1A3956D46DE8}") = "Host", "Host", "{981C2CF6-E5BB-602A-511C-234B538302B0}"
EndProject
Project("{FAE04EC0-301F-11D3-BF4B-00C04F79EFBC}") = "HealthcareERP.Api", "src\Host\HealthcareERP.Api\HealthcareERP.Api.csproj", "{109B5ACF-D846-4837-A1EC-320193875EBB}"
EndProject
Project("{2150E333-8FDC-42A3-9474-1A3956D46DE8}") = "Modules", "Modules", "{EC447DCF-ABFA-6E24-52A5-D7FD48A5C558}"
EndProject
Project("{2150E333-8FDC-42A3-9474-1A3956D46DE8}") = "Financials", "Financials", "{16222889-87C2-32AD-C80B-0C1FCB87E956}"
EndProject
Project("{FAE04EC0-301F-11D3-BF4B-00C04F79EFBC}") = "HealthcareERP.Modules.Financials", "src\Modules\Financials\HealthcareERP.Modules.Financials\HealthcareERP.Modules.Financials.csproj", "{1B2EB861-A977-4796-BD2B-2B2229FC04D9}"
EndProject
Project("{FAE04EC0-301F-11D3-BF4B-00C04F79EFBC}") = "HealthcareERP.Modules.Financials.Contracts", "src\Modules\Financials\HealthcareERP.Modules.Financials.Contracts\HealthcareERP.Modules.Financials.Contracts.csproj", "{C7E200C6-F9C5-4696-972B-B7D473759E48}"
EndProject
Project("{2150E333-8FDC-42A3-9474-1A3956D46DE8}") = "Foundation", "Foundation", "{D218722A-14E3-920A-1D95-FAFBE19E9EB3}"
EndProject
Project("{FAE04EC0-301F-11D3-BF4B-00C04F79EFBC}") = "HealthcareERP.Modules.Foundation", "src\Modules\Foundation\HealthcareERP.Modules.Foundation\HealthcareERP.Modules.Foundation.csproj", "{3276EC2F-6445-4BB7-A4E9-E32E25880735}"
EndProject
Project("{FAE04EC0-301F-11D3-BF4B-00C04F79EFBC}") = "HealthcareERP.Modules.Foundation.Contracts", "src\Modules\Foundation\HealthcareERP.Modules.Foundation.Contracts\HealthcareERP.Modules.Foundation.Contracts.csproj", "{9B07ADDD-D25E-41E4-9332-F3BBA205C11C}"
EndProject
Project("{2150E333-8FDC-42A3-9474-1A3956D46DE8}") = "Hms", "Hms", "{9D3561AD-3CFC-C0A5-8EF9-6DF8AED38940}"
EndProject
Project("{FAE04EC0-301F-11D3-BF4B-00C04F79EFBC}") = "HealthcareERP.Modules.Hms", "src\Modules\Hms\HealthcareERP.Modules.Hms\HealthcareERP.Modules.Hms.csproj", "{E992ACC5-AFB1-4E53-939A-B17ED041F71B}"
EndProject
Project("{FAE04EC0-301F-11D3-BF4B-00C04F79EFBC}") = "HealthcareERP.Modules.Hms.Contracts", "src\Modules\Hms\HealthcareERP.Modules.Hms.Contracts\HealthcareERP.Modules.Hms.Contracts.csproj", "{1ACE9CF2-8B9D-40EB-8B05-FEB6D8AB12CB}"
EndProject
Project("{2150E333-8FDC-42A3-9474-1A3956D46DE8}") = "Hris", "Hris", "{5AA62548-1C62-4321-9E27-96F996A70C30}"
EndProject
Project("{FAE04EC0-301F-11D3-BF4B-00C04F79EFBC}") = "HealthcareERP.Modules.Hris", "src\Modules\Hris\HealthcareERP.Modules.Hris\HealthcareERP.Modules.Hris.csproj", "{2D32219A-AAD9-4F1A-8DBF-CCC85AD5216B}"
EndProject
Project("{FAE04EC0-301F-11D3-BF4B-00C04F79EFBC}") = "HealthcareERP.Modules.Hris.Contracts", "src\Modules\Hris\HealthcareERP.Modules.Hris.Contracts\HealthcareERP.Modules.Hris.Contracts.csproj", "{E1616CFF-26F3-4B82-97D5-D6FEB679621D}"
EndProject
Project("{2150E333-8FDC-42A3-9474-1A3956D46DE8}") = "Inventory", "Inventory", "{18C073E0-6CB1-4693-3636-BFEE619A6192}"
EndProject
Project("{FAE04EC0-301F-11D3-BF4B-00C04F79EFBC}") = "HealthcareERP.Modules.Inventory", "src\Modules\Inventory\HealthcareERP.Modules.Inventory\HealthcareERP.Modules.Inventory.csproj", "{3519F48D-9603-4919-B874-C67411152D70}"
EndProject
Project("{FAE04EC0-301F-11D3-BF4B-00C04F79EFBC}") = "HealthcareERP.Modules.Inventory.Contracts", "src\Modules\Inventory\HealthcareERP.Modules.Inventory.Contracts\HealthcareERP.Modules.Inventory.Contracts.csproj", "{D2C7C1E8-8380-48B4-B090-9BD2DF5F41B9}"
EndProject
Project("{2150E333-8FDC-42A3-9474-1A3956D46DE8}") = "Procurement", "Procurement", "{4DA9DB7A-67F1-E1C4-D87F-47B852D6C0B5}"
EndProject
Project("{FAE04EC0-301F-11D3-BF4B-00C04F79EFBC}") = "HealthcareERP.Modules.Procurement", "src\Modules\Procurement\HealthcareERP.Modules.Procurement\HealthcareERP.Modules.Procurement.csproj", "{04B2CC06-9EC5-4196-BAA1-1115448BFBF3}"
EndProject
Project("{FAE04EC0-301F-11D3-BF4B-00C04F79EFBC}") = "HealthcareERP.Modules.Procurement.Contracts", "src\Modules\Procurement\HealthcareERP.Modules.Procurement.Contracts\HealthcareERP.Modules.Procurement.Contracts.csproj", "{E1B6F551-8A22-42D3-8020-B02401976239}"
EndProject
Project("{2150E333-8FDC-42A3-9474-1A3956D46DE8}") = "tests", "tests", "{0AB3BF05-4346-4AA6-1389-037BE0695223}"
EndProject
Project("{FAE04EC0-301F-11D3-BF4B-00C04F79EFBC}") = "HealthcareERP.ArchitectureTests", "tests\HealthcareERP.ArchitectureTests\HealthcareERP.ArchitectureTests.csproj", "{92DF74E6-FA7B-4F17-AAC0-52235877ED8E}"
EndProject
Project("{FAE04EC0-301F-11D3-BF4B-00C04F79EFBC}") = "HealthcareERP.IntegrationTests", "tests\HealthcareERP.IntegrationTests\HealthcareERP.IntegrationTests.csproj", "{AD2EE801-90B5-4787-A6C9-95B1B63CF4E9}"
EndProject
Project("{FAE04EC0-301F-11D3-BF4B-00C04F79EFBC}") = "HealthcareERP.UnitTests", "tests\HealthcareERP.UnitTests\HealthcareERP.UnitTests.csproj", "{6DC60E15-A22D-4646-9465-77BAB6942FE3}"
EndProject
Global
	GlobalSection(SolutionConfigurationPlatforms) = preSolution
		Debug|Any CPU = Debug|Any CPU
		Debug|x64 = Debug|x64
		Debug|x86 = Debug|x86
		Release|Any CPU = Release|Any CPU
		Release|x64 = Release|x64
		Release|x86 = Release|x86
	EndGlobalSection
	GlobalSection(ProjectConfigurationPlatforms) = postSolution
		{B4874556-861D-45C7-8AAD-FD6B962F796B}.Debug|Any CPU.ActiveCfg = Debug|Any CPU
		{B4874556-861D-45C7-8AAD-FD6B962F796B}.Debug|Any CPU.Build.0 = Debug|Any CPU
		{B4874556-861D-45C7-8AAD-FD6B962F796B}.Debug|x64.ActiveCfg = Debug|Any CPU
		{B4874556-861D-45C7-8AAD-FD6B962F796B}.Debug|x64.Build.0 = Debug|Any CPU
		{B4874556-861D-45C7-8AAD-FD6B962F796B}.Debug|x86.ActiveCfg = Debug|Any CPU
		{B4874556-861D-45C7-8AAD-FD6B962F796B}.Debug|x86.Build.0 = Debug|Any CPU
		{B4874556-861D-45C7-8AAD-FD6B962F796B}.Release|Any CPU.ActiveCfg = Release|Any CPU
		{B4874556-861D-45C7-8AAD-FD6B962F796B}.Release|Any CPU.Build.0 = Release|Any CPU
		{B4874556-861D-45C7-8AAD-FD6B962F796B}.Release|x64.ActiveCfg = Release|Any CPU
		{B4874556-861D-45C7-8AAD-FD6B962F796B}.Release|x64.Build.0 = Release|Any CPU
		{B4874556-861D-45C7-8AAD-FD6B962F796B}.Release|x86.ActiveCfg = Release|Any CPU
		{B4874556-861D-45C7-8AAD-FD6B962F796B}.Release|x86.Build.0 = Release|Any CPU
		{8CDB9A6A-6E22-4AED-AA22-8485A51E936A}.Debug|Any CPU.ActiveCfg = Debug|Any CPU
		{8CDB9A6A-6E22-4AED-AA22-8485A51E936A}.Debug|Any CPU.Build.0 = Debug|Any CPU
		{8CDB9A6A-6E22-4AED-AA22-8485A51E936A}.Debug|x64.ActiveCfg = Debug|Any CPU
		{8CDB9A6A-6E22-4AED-AA22-8485A51E936A}.Debug|x64.Build.0 = Debug|Any CPU
		{8CDB9A6A-6E22-4AED-AA22-8485A51E936A}.Debug|x86.ActiveCfg = Debug|Any CPU
		{8CDB9A6A-6E22-4AED-AA22-8485A51E936A}.Debug|x86.Build.0 = Debug|Any CPU
		{8CDB9A6A-6E22-4AED-AA22-8485A51E936A}.Release|Any CPU.ActiveCfg = Release|Any CPU
		{8CDB9A6A-6E22-4AED-AA22-8485A51E936A}.Release|Any CPU.Build.0 = Release|Any CPU
		{8CDB9A6A-6E22-4AED-AA22-8485A51E936A}.Release|x64.ActiveCfg = Release|Any CPU
		{8CDB9A6A-6E22-4AED-AA22-8485A51E936A}.Release|x64.Build.0 = Release|Any CPU
		{8CDB9A6A-6E22-4AED-AA22-8485A51E936A}.Release|x86.ActiveCfg = Release|Any CPU
		{8CDB9A6A-6E22-4AED-AA22-8485A51E936A}.Release|x86.Build.0 = Release|Any CPU
		{EFEED1E4-B4EB-4755-8681-0887D02B524B}.Debug|Any CPU.ActiveCfg = Debug|Any CPU
		{EFEED1E4-B4EB-4755-8681-0887D02B524B}.Debug|Any CPU.Build.0 = Debug|Any CPU
		{EFEED1E4-B4EB-4755-8681-0887D02B524B}.Debug|x64.ActiveCfg = Debug|Any CPU
		{EFEED1E4-B4EB-4755-8681-0887D02B524B}.Debug|x64.Build.0 = Debug|Any CPU
		{EFEED1E4-B4EB-4755-8681-0887D02B524B}.Debug|x86.ActiveCfg = Debug|Any CPU
		{EFEED1E4-B4EB-4755-8681-0887D02B524B}.Debug|x86.Build.0 = Debug|Any CPU
		{EFEED1E4-B4EB-4755-8681-0887D02B524B}.Release|Any CPU.ActiveCfg = Release|Any CPU
		{EFEED1E4-B4EB-4755-8681-0887D02B524B}.Release|Any CPU.Build.0 = Release|Any CPU
		{EFEED1E4-B4EB-4755-8681-0887D02B524B}.Release|x64.ActiveCfg = Release|Any CPU
		{EFEED1E4-B4EB-4755-8681-0887D02B524B}.Release|x64.Build.0 = Release|Any CPU
		{EFEED1E4-B4EB-4755-8681-0887D02B524B}.Release|x86.ActiveCfg = Release|Any CPU
		{EFEED1E4-B4EB-4755-8681-0887D02B524B}.Release|x86.Build.0 = Release|Any CPU
		{51147888-0173-4722-AB02-0FFDE6ACE34A}.Debug|Any CPU.ActiveCfg = Debug|Any CPU
		{51147888-0173-4722-AB02-0FFDE6ACE34A}.Debug|Any CPU.Build.0 = Debug|Any CPU
		{51147888-0173-4722-AB02-0FFDE6ACE34A}.Debug|x64.ActiveCfg = Debug|Any CPU
		{51147888-0173-4722-AB02-0FFDE6ACE34A}.Debug|x64.Build.0 = Debug|Any CPU
		{51147888-0173-4722-AB02-0FFDE6ACE34A}.Debug|x86.ActiveCfg = Debug|Any CPU
		{51147888-0173-4722-AB02-0FFDE6ACE34A}.Debug|x86.Build.0 = Debug|Any CPU
		{51147888-0173-4722-AB02-0FFDE6ACE34A}.Release|Any CPU.ActiveCfg = Release|Any CPU
		{51147888-0173-4722-AB02-0FFDE6ACE34A}.Release|Any CPU.Build.0 = Release|Any CPU
		{51147888-0173-4722-AB02-0FFDE6ACE34A}.Release|x64.ActiveCfg = Release|Any CPU
		{51147888-0173-4722-AB02-0FFDE6ACE34A}.Release|x64.Build.0 = Release|Any CPU
		{51147888-0173-4722-AB02-0FFDE6ACE34A}.Release|x86.ActiveCfg = Release|Any CPU
		{51147888-0173-4722-AB02-0FFDE6ACE34A}.Release|x86.Build.0 = Release|Any CPU
		{109B5ACF-D846-4837-A1EC-320193875EBB}.Debug|Any CPU.ActiveCfg = Debug|Any CPU
		{109B5ACF-D846-4837-A1EC-320193875EBB}.Debug|Any CPU.Build.0 = Debug|Any CPU
		{109B5ACF-D846-4837-A1EC-320193875EBB}.Debug|x64.ActiveCfg = Debug|Any CPU
		{109B5ACF-D846-4837-A1EC-320193875EBB}.Debug|x64.Build.0 = Debug|Any CPU
		{109B5ACF-D846-4837-A1EC-320193875EBB}.Debug|x86.ActiveCfg = Debug|Any CPU
		{109B5ACF-D846-4837-A1EC-320193875EBB}.Debug|x86.Build.0 = Debug|Any CPU
		{109B5ACF-D846-4837-A1EC-320193875EBB}.Release|Any CPU.ActiveCfg = Release|Any CPU
		{109B5ACF-D846-4837-A1EC-320193875EBB}.Release|Any CPU.Build.0 = Release|Any CPU
		{109B5ACF-D846-4837-A1EC-320193875EBB}.Release|x64.ActiveCfg = Release|Any CPU
		{109B5ACF-D846-4837-A1EC-320193875EBB}.Release|x64.Build.0 = Release|Any CPU
		{109B5ACF-D846-4837-A1EC-320193875EBB}.Release|x86.ActiveCfg = Release|Any CPU
		{109B5ACF-D846-4837-A1EC-320193875EBB}.Release|x86.Build.0 = Release|Any CPU
		{1B2EB861-A977-4796-BD2B-2B2229FC04D9}.Debug|Any CPU.ActiveCfg = Debug|Any CPU
		{1B2EB861-A977-4796-BD2B-2B2229FC04D9}.Debug|Any CPU.Build.0 = Debug|Any CPU
		{1B2EB861-A977-4796-BD2B-2B2229FC04D9}.Debug|x64.ActiveCfg = Debug|Any CPU
		{1B2EB861-A977-4796-BD2B-2B2229FC04D9}.Debug|x64.Build.0 = Debug|Any CPU
		{1B2EB861-A977-4796-BD2B-2B2229FC04D9}.Debug|x86.ActiveCfg = Debug|Any CPU
		{1B2EB861-A977-4796-BD2B-2B2229FC04D9}.Debug|x86.Build.0 = Debug|Any CPU
		{1B2EB861-A977-4796-BD2B-2B2229FC04D9}.Release|Any CPU.ActiveCfg = Release|Any CPU
		{1B2EB861-A977-4796-BD2B-2B2229FC04D9}.Release|Any CPU.Build.0 = Release|Any CPU
		{1B2EB861-A977-4796-BD2B-2B2229FC04D9}.Release|x64.ActiveCfg = Release|Any CPU
		{1B2EB861-A977-4796-BD2B-2B2229FC04D9}.Release|x64.Build.0 = Release|Any CPU
		{1B2EB861-A977-4796-BD2B-2B2229FC04D9}.Release|x86.ActiveCfg = Release|Any CPU
		{1B2EB861-A977-4796-BD2B-2B2229FC04D9}.Release|x86.Build.0 = Release|Any CPU
		{C7E200C6-F9C5-4696-972B-B7D473759E48}.Debug|Any CPU.ActiveCfg = Debug|Any CPU
		{C7E200C6-F9C5-4696-972B-B7D473759E48}.Debug|Any CPU.Build.0 = Debug|Any CPU
		{C7E200C6-F9C5-4696-972B-B7D473759E48}.Debug|x64.ActiveCfg = Debug|Any CPU
		{C7E200C6-F9C5-4696-972B-B7D473759E48}.Debug|x64.Build.0 = Debug|Any CPU
		{C7E200C6-F9C5-4696-972B-B7D473759E48}.Debug|x86.ActiveCfg = Debug|Any CPU
		{C7E200C6-F9C5-4696-972B-B7D473759E48}.Debug|x86.Build.0 = Debug|Any CPU
		{C7E200C6-F9C5-4696-972B-B7D473759E48}.Release|Any CPU.ActiveCfg = Release|Any CPU
		{C7E200C6-F9C5-4696-972B-B7D473759E48}.Release|Any CPU.Build.0 = Release|Any CPU
		{C7E200C6-F9C5-4696-972B-B7D473759E48}.Release|x64.ActiveCfg = Release|Any CPU
		{C7E200C6-F9C5-4696-972B-B7D473759E48}.Release|x64.Build.0 = Release|Any CPU
		{C7E200C6-F9C5-4696-972B-B7D473759E48}.Release|x86.ActiveCfg = Release|Any CPU
		{C7E200C6-F9C5-4696-972B-B7D473759E48}.Release|x86.Build.0 = Release|Any CPU
		{3276EC2F-6445-4BB7-A4E9-E32E25880735}.Debug|Any CPU.ActiveCfg = Debug|Any CPU
		{3276EC2F-6445-4BB7-A4E9-E32E25880735}.Debug|Any CPU.Build.0 = Debug|Any CPU
		{3276EC2F-6445-4BB7-A4E9-E32E25880735}.Debug|x64.ActiveCfg = Debug|Any CPU
		{3276EC2F-6445-4BB7-A4E9-E32E25880735}.Debug|x64.Build.0 = Debug|Any CPU
		{3276EC2F-6445-4BB7-A4E9-E32E25880735}.Debug|x86.ActiveCfg = Debug|Any CPU
		{3276EC2F-6445-4BB7-A4E9-E32E25880735}.Debug|x86.Build.0 = Debug|Any CPU
		{3276EC2F-6445-4BB7-A4E9-E32E25880735}.Release|Any CPU.ActiveCfg = Release|Any CPU
		{3276EC2F-6445-4BB7-A4E9-E32E25880735}.Release|Any CPU.Build.0 = Release|Any CPU
		{3276EC2F-6445-4BB7-A4E9-E32E25880735}.Release|x64.ActiveCfg = Release|Any CPU
		{3276EC2F-6445-4BB7-A4E9-E32E25880735}.Release|x64.Build.0 = Release|Any CPU
		{3276EC2F-6445-4BB7-A4E9-E32E25880735}.Release|x86.ActiveCfg = Release|Any CPU
		{3276EC2F-6445-4BB7-A4E9-E32E25880735}.Release|x86.Build.0 = Release|Any CPU
		{9B07ADDD-D25E-41E4-9332-F3BBA205C11C}.Debug|Any CPU.ActiveCfg = Debug|Any CPU
		{9B07ADDD-D25E-41E4-9332-F3BBA205C11C}.Debug|Any CPU.Build.0 = Debug|Any CPU
		{9B07ADDD-D25E-41E4-9332-F3BBA205C11C}.Debug|x64.ActiveCfg = Debug|Any CPU
		{9B07ADDD-D25E-41E4-9332-F3BBA205C11C}.Debug|x64.Build.0 = Debug|Any CPU
		{9B07ADDD-D25E-41E4-9332-F3BBA205C11C}.Debug|x86.ActiveCfg = Debug|Any CPU
		{9B07ADDD-D25E-41E4-9332-F3BBA205C11C}.Debug|x86.Build.0 = Debug|Any CPU
		{9B07ADDD-D25E-41E4-9332-F3BBA205C11C}.Release|Any CPU.ActiveCfg = Release|Any CPU
		{9B07ADDD-D25E-41E4-9332-F3BBA205C11C}.Release|Any CPU.Build.0 = Release|Any CPU
		{9B07ADDD-D25E-41E4-9332-F3BBA205C11C}.Release|x64.ActiveCfg = Release|Any CPU
		{9B07ADDD-D25E-41E4-9332-F3BBA205C11C}.Release|x64.Build.0 = Release|Any CPU
		{9B07ADDD-D25E-41E4-9332-F3BBA205C11C}.Release|x86.ActiveCfg = Release|Any CPU
		{9B07ADDD-D25E-41E4-9332-F3BBA205C11C}.Release|x86.Build.0 = Release|Any CPU
		{E992ACC5-AFB1-4E53-939A-B17ED041F71B}.Debug|Any CPU.ActiveCfg = Debug|Any CPU
		{E992ACC5-AFB1-4E53-939A-B17ED041F71B}.Debug|Any CPU.Build.0 = Debug|Any CPU
		{E992ACC5-AFB1-4E53-939A-B17ED041F71B}.Debug|x64.ActiveCfg = Debug|Any CPU
		{E992ACC5-AFB1-4E53-939A-B17ED041F71B}.Debug|x64.Build.0 = Debug|Any CPU
		{E992ACC5-AFB1-4E53-939A-B17ED041F71B}.Debug|x86.ActiveCfg = Debug|Any CPU
		{E992ACC5-AFB1-4E53-939A-B17ED041F71B}.Debug|x86.Build.0 = Debug|Any CPU
		{E992ACC5-AFB1-4E53-939A-B17ED041F71B}.Release|Any CPU.ActiveCfg = Release|Any CPU
		{E992ACC5-AFB1-4E53-939A-B17ED041F71B}.Release|Any CPU.Build.0 = Release|Any CPU
		{E992ACC5-AFB1-4E53-939A-B17ED041F71B}.Release|x64.ActiveCfg = Release|Any CPU
		{E992ACC5-AFB1-4E53-939A-B17ED041F71B}.Release|x64.Build.0 = Release|Any CPU
		{E992ACC5-AFB1-4E53-939A-B17ED041F71B}.Release|x86.ActiveCfg = Release|Any CPU
		{E992ACC5-AFB1-4E53-939A-B17ED041F71B}.Release|x86.Build.0 = Release|Any CPU
		{1ACE9CF2-8B9D-40EB-8B05-FEB6D8AB12CB}.Debug|Any CPU.ActiveCfg = Debug|Any CPU
		{1ACE9CF2-8B9D-40EB-8B05-FEB6D8AB12CB}.Debug|Any CPU.Build.0 = Debug|Any CPU
		{1ACE9CF2-8B9D-40EB-8B05-FEB6D8AB12CB}.Debug|x64.ActiveCfg = Debug|Any CPU
		{1ACE9CF2-8B9D-40EB-8B05-FEB6D8AB12CB}.Debug|x64.Build.0 = Debug|Any CPU
		{1ACE9CF2-8B9D-40EB-8B05-FEB6D8AB12CB}.Debug|x86.ActiveCfg = Debug|Any CPU
		{1ACE9CF2-8B9D-40EB-8B05-FEB6D8AB12CB}.Debug|x86.Build.0 = Debug|Any CPU
		{1ACE9CF2-8B9D-40EB-8B05-FEB6D8AB12CB}.Release|Any CPU.ActiveCfg = Release|Any CPU
		{1ACE9CF2-8B9D-40EB-8B05-FEB6D8AB12CB}.Release|Any CPU.Build.0 = Release|Any CPU
		{1ACE9CF2-8B9D-40EB-8B05-FEB6D8AB12CB}.Release|x64.ActiveCfg = Release|Any CPU
		{1ACE9CF2-8B9D-40EB-8B05-FEB6D8AB12CB}.Release|x64.Build.0 = Release|Any CPU
		{1ACE9CF2-8B9D-40EB-8B05-FEB6D8AB12CB}.Release|x86.ActiveCfg = Release|Any CPU
		{1ACE9CF2-8B9D-40EB-8B05-FEB6D8AB12CB}.Release|x86.Build.0 = Release|Any CPU
		{2D32219A-AAD9-4F1A-8DBF-CCC85AD5216B}.Debug|Any CPU.ActiveCfg = Debug|Any CPU
		{2D32219A-AAD9-4F1A-8DBF-CCC85AD5216B}.Debug|Any CPU.Build.0 = Debug|Any CPU
		{2D32219A-AAD9-4F1A-8DBF-CCC85AD5216B}.Debug|x64.ActiveCfg = Debug|Any CPU
		{2D32219A-AAD9-4F1A-8DBF-CCC85AD5216B}.Debug|x64.Build.0 = Debug|Any CPU
		{2D32219A-AAD9-4F1A-8DBF-CCC85AD5216B}.Debug|x86.ActiveCfg = Debug|Any CPU
		{2D32219A-AAD9-4F1A-8DBF-CCC85AD5216B}.Debug|x86.Build.0 = Debug|Any CPU
		{2D32219A-AAD9-4F1A-8DBF-CCC85AD5216B}.Release|Any CPU.ActiveCfg = Release|Any CPU
		{2D32219A-AAD9-4F1A-8DBF-CCC85AD5216B}.Release|Any CPU.Build.0 = Release|Any CPU
		{2D32219A-AAD9-4F1A-8DBF-CCC85AD5216B}.Release|x64.ActiveCfg = Release|Any CPU
		{2D32219A-AAD9-4F1A-8DBF-CCC85AD5216B}.Release|x64.Build.0 = Release|Any CPU
		{2D32219A-AAD9-4F1A-8DBF-CCC85AD5216B}.Release|x86.ActiveCfg = Release|Any CPU
		{2D32219A-AAD9-4F1A-8DBF-CCC85AD5216B}.Release|x86.Build.0 = Release|Any CPU
		{E1616CFF-26F3-4B82-97D5-D6FEB679621D}.Debug|Any CPU.ActiveCfg = Debug|Any CPU
		{E1616CFF-26F3-4B82-97D5-D6FEB679621D}.Debug|Any CPU.Build.0 = Debug|Any CPU
		{E1616CFF-26F3-4B82-97D5-D6FEB679621D}.Debug|x64.ActiveCfg = Debug|Any CPU
		{E1616CFF-26F3-4B82-97D5-D6FEB679621D}.Debug|x64.Build.0 = Debug|Any CPU
		{E1616CFF-26F3-4B82-97D5-D6FEB679621D}.Debug|x86.ActiveCfg = Debug|Any CPU
		{E1616CFF-26F3-4B82-97D5-D6FEB679621D}.Debug|x86.Build.0 = Debug|Any CPU
		{E1616CFF-26F3-4B82-97D5-D6FEB679621D}.Release|Any CPU.ActiveCfg = Release|Any CPU
		{E1616CFF-26F3-4B82-97D5-D6FEB679621D}.Release|Any CPU.Build.0 = Release|Any CPU
		{E1616CFF-26F3-4B82-97D5-D6FEB679621D}.Release|x64.ActiveCfg = Release|Any CPU
		{E1616CFF-26F3-4B82-97D5-D6FEB679621D}.Release|x64.Build.0 = Release|Any CPU
		{E1616CFF-26F3-4B82-97D5-D6FEB679621D}.Release|x86.ActiveCfg = Release|Any CPU
		{E1616CFF-26F3-4B82-97D5-D6FEB679621D}.Release|x86.Build.0 = Release|Any CPU
		{3519F48D-9603-4919-B874-C67411152D70}.Debug|Any CPU.ActiveCfg = Debug|Any CPU
		{3519F48D-9603-4919-B874-C67411152D70}.Debug|Any CPU.Build.0 = Debug|Any CPU
		{3519F48D-9603-4919-B874-C67411152D70}.Debug|x64.ActiveCfg = Debug|Any CPU
		{3519F48D-9603-4919-B874-C67411152D70}.Debug|x64.Build.0 = Debug|Any CPU
		{3519F48D-9603-4919-B874-C67411152D70}.Debug|x86.ActiveCfg = Debug|Any CPU
		{3519F48D-9603-4919-B874-C67411152D70}.Debug|x86.Build.0 = Debug|Any CPU
		{3519F48D-9603-4919-B874-C67411152D70}.Release|Any CPU.ActiveCfg = Release|Any CPU
		{3519F48D-9603-4919-B874-C67411152D70}.Release|Any CPU.Build.0 = Release|Any CPU
		{3519F48D-9603-4919-B874-C67411152D70}.Release|x64.ActiveCfg = Release|Any CPU
		{3519F48D-9603-4919-B874-C67411152D70}.Release|x64.Build.0 = Release|Any CPU
		{3519F48D-9603-4919-B874-C67411152D70}.Release|x86.ActiveCfg = Release|Any CPU
		{3519F48D-9603-4919-B874-C67411152D70}.Release|x86.Build.0 = Release|Any CPU
		{D2C7C1E8-8380-48B4-B090-9BD2DF5F41B9}.Debug|Any CPU.ActiveCfg = Debug|Any CPU
		{D2C7C1E8-8380-48B4-B090-9BD2DF5F41B9}.Debug|Any CPU.Build.0 = Debug|Any CPU
		{D2C7C1E8-8380-48B4-B090-9BD2DF5F41B9}.Debug|x64.ActiveCfg = Debug|Any CPU
		{D2C7C1E8-8380-48B4-B090-9BD2DF5F41B9}.Debug|x64.Build.0 = Debug|Any CPU
		{D2C7C1E8-8380-48B4-B090-9BD2DF5F41B9}.Debug|x86.ActiveCfg = Debug|Any CPU
		{D2C7C1E8-8380-48B4-B090-9BD2DF5F41B9}.Debug|x86.Build.0 = Debug|Any CPU
		{D2C7C1E8-8380-48B4-B090-9BD2DF5F41B9}.Release|Any CPU.ActiveCfg = Release|Any CPU
		{D2C7C1E8-8380-48B4-B090-9BD2DF5F41B9}.Release|Any CPU.Build.0 = Release|Any CPU
		{D2C7C1E8-8380-48B4-B090-9BD2DF5F41B9}.Release|x64.ActiveCfg = Release|Any CPU
		{D2C7C1E8-8380-48B4-B090-9BD2DF5F41B9}.Release|x64.Build.0 = Release|Any CPU
		{D2C7C1E8-8380-48B4-B090-9BD2DF5F41B9}.Release|x86.ActiveCfg = Release|Any CPU
		{D2C7C1E8-8380-48B4-B090-9BD2DF5F41B9}.Release|x86.Build.0 = Release|Any CPU
		{04B2CC06-9EC5-4196-BAA1-1115448BFBF3}.Debug|Any CPU.ActiveCfg = Debug|Any CPU
		{04B2CC06-9EC5-4196-BAA1-1115448BFBF3}.Debug|Any CPU.Build.0 = Debug|Any CPU
		{04B2CC06-9EC5-4196-BAA1-1115448BFBF3}.Debug|x64.ActiveCfg = Debug|Any CPU
		{04B2CC06-9EC5-4196-BAA1-1115448BFBF3}.Debug|x64.Build.0 = Debug|Any CPU
		{04B2CC06-9EC5-4196-BAA1-1115448BFBF3}.Debug|x86.ActiveCfg = Debug|Any CPU
		{04B2CC06-9EC5-4196-BAA1-1115448BFBF3}.Debug|x86.Build.0 = Debug|Any CPU
		{04B2CC06-9EC5-4196-BAA1-1115448BFBF3}.Release|Any CPU.ActiveCfg = Release|Any CPU
		{04B2CC06-9EC5-4196-BAA1-1115448BFBF3}.Release|Any CPU.Build.0 = Release|Any CPU
		{04B2CC06-9EC5-4196-BAA1-1115448BFBF3}.Release|x64.ActiveCfg = Release|Any CPU
		{04B2CC06-9EC5-4196-BAA1-1115448BFBF3}.Release|x64.Build.0 = Release|Any CPU
		{04B2CC06-9EC5-4196-BAA1-1115448BFBF3}.Release|x86.ActiveCfg = Release|Any CPU
		{04B2CC06-9EC5-4196-BAA1-1115448BFBF3}.Release|x86.Build.0 = Release|Any CPU
		{E1B6F551-8A22-42D3-8020-B02401976239}.Debug|Any CPU.ActiveCfg = Debug|Any CPU
		{E1B6F551-8A22-42D3-8020-B02401976239}.Debug|Any CPU.Build.0 = Debug|Any CPU
		{E1B6F551-8A22-42D3-8020-B02401976239}.Debug|x64.ActiveCfg = Debug|Any CPU
		{E1B6F551-8A22-42D3-8020-B02401976239}.Debug|x64.Build.0 = Debug|Any CPU
		{E1B6F551-8A22-42D3-8020-B02401976239}.Debug|x86.ActiveCfg = Debug|Any CPU
		{E1B6F551-8A22-42D3-8020-B02401976239}.Debug|x86.Build.0 = Debug|Any CPU
		{E1B6F551-8A22-42D3-8020-B02401976239}.Release|Any CPU.ActiveCfg = Release|Any CPU
		{E1B6F551-8A22-42D3-8020-B02401976239}.Release|Any CPU.Build.0 = Release|Any CPU
		{E1B6F551-8A22-42D3-8020-B02401976239}.Release|x64.ActiveCfg = Release|Any CPU
		{E1B6F551-8A22-42D3-8020-B02401976239}.Release|x64.Build.0 = Release|Any CPU
		{E1B6F551-8A22-42D3-8020-B02401976239}.Release|x86.ActiveCfg = Release|Any CPU
		{E1B6F551-8A22-42D3-8020-B02401976239}.Release|x86.Build.0 = Release|Any CPU
		{92DF74E6-FA7B-4F17-AAC0-52235877ED8E}.Debug|Any CPU.ActiveCfg = Debug|Any CPU
		{92DF74E6-FA7B-4F17-AAC0-52235877ED8E}.Debug|Any CPU.Build.0 = Debug|Any CPU
		{92DF74E6-FA7B-4F17-AAC0-52235877ED8E}.Debug|x64.ActiveCfg = Debug|Any CPU
		{92DF74E6-FA7B-4F17-AAC0-52235877ED8E}.Debug|x64.Build.0 = Debug|Any CPU
		{92DF74E6-FA7B-4F17-AAC0-52235877ED8E}.Debug|x86.ActiveCfg = Debug|Any CPU
		{92DF74E6-FA7B-4F17-AAC0-52235877ED8E}.Debug|x86.Build.0 = Debug|Any CPU
		{92DF74E6-FA7B-4F17-AAC0-52235877ED8E}.Release|Any CPU.ActiveCfg = Release|Any CPU
		{92DF74E6-FA7B-4F17-AAC0-52235877ED8E}.Release|Any CPU.Build.0 = Release|Any CPU
		{92DF74E6-FA7B-4F17-AAC0-52235877ED8E}.Release|x64.ActiveCfg = Release|Any CPU
		{92DF74E6-FA7B-4F17-AAC0-52235877ED8E}.Release|x64.Build.0 = Release|Any CPU
		{92DF74E6-FA7B-4F17-AAC0-52235877ED8E}.Release|x86.ActiveCfg = Release|Any CPU
		{92DF74E6-FA7B-4F17-AAC0-52235877ED8E}.Release|x86.Build.0 = Release|Any CPU
		{AD2EE801-90B5-4787-A6C9-95B1B63CF4E9}.Debug|Any CPU.ActiveCfg = Debug|Any CPU
		{AD2EE801-90B5-4787-A6C9-95B1B63CF4E9}.Debug|Any CPU.Build.0 = Debug|Any CPU
		{AD2EE801-90B5-4787-A6C9-95B1B63CF4E9}.Debug|x64.ActiveCfg = Debug|Any CPU
		{AD2EE801-90B5-4787-A6C9-95B1B63CF4E9}.Debug|x64.Build.0 = Debug|Any CPU
		{AD2EE801-90B5-4787-A6C9-95B1B63CF4E9}.Debug|x86.ActiveCfg = Debug|Any CPU
		{AD2EE801-90B5-4787-A6C9-95B1B63CF4E9}.Debug|x86.Build.0 = Debug|Any CPU
		{AD2EE801-90B5-4787-A6C9-95B1B63CF4E9}.Release|Any CPU.ActiveCfg = Release|Any CPU
		{AD2EE801-90B5-4787-A6C9-95B1B63CF4E9}.Release|Any CPU.Build.0 = Release|Any CPU
		{AD2EE801-90B5-4787-A6C9-95B1B63CF4E9}.Release|x64.ActiveCfg = Release|Any CPU
		{AD2EE801-90B5-4787-A6C9-95B1B63CF4E9}.Release|x64.Build.0 = Release|Any CPU
		{AD2EE801-90B5-4787-A6C9-95B1B63CF4E9}.Release|x86.ActiveCfg = Release|Any CPU
		{AD2EE801-90B5-4787-A6C9-95B1B63CF4E9}.Release|x86.Build.0 = Release|Any CPU
		{6DC60E15-A22D-4646-9465-77BAB6942FE3}.Debug|Any CPU.ActiveCfg = Debug|Any CPU
		{6DC60E15-A22D-4646-9465-77BAB6942FE3}.Debug|Any CPU.Build.0 = Debug|Any CPU
		{6DC60E15-A22D-4646-9465-77BAB6942FE3}.Debug|x64.ActiveCfg = Debug|Any CPU
		{6DC60E15-A22D-4646-9465-77BAB6942FE3}.Debug|x64.Build.0 = Debug|Any CPU
		{6DC60E15-A22D-4646-9465-77BAB6942FE3}.Debug|x86.ActiveCfg = Debug|Any CPU
		{6DC60E15-A22D-4646-9465-77BAB6942FE3}.Debug|x86.Build.0 = Debug|Any CPU
		{6DC60E15-A22D-4646-9465-77BAB6942FE3}.Release|Any CPU.ActiveCfg = Release|Any CPU
		{6DC60E15-A22D-4646-9465-77BAB6942FE3}.Release|Any CPU.Build.0 = Release|Any CPU
		{6DC60E15-A22D-4646-9465-77BAB6942FE3}.Release|x64.ActiveCfg = Release|Any CPU
		{6DC60E15-A22D-4646-9465-77BAB6942FE3}.Release|x64.Build.0 = Release|Any CPU
		{6DC60E15-A22D-4646-9465-77BAB6942FE3}.Release|x86.ActiveCfg = Release|Any CPU
		{6DC60E15-A22D-4646-9465-77BAB6942FE3}.Release|x86.Build.0 = Release|Any CPU
	EndGlobalSection
	GlobalSection(SolutionProperties) = preSolution
		HideSolutionNode = FALSE
	EndGlobalSection
	GlobalSection(NestedProjects) = preSolution
		{90298CBA-BD6F-3A0A-69D5-97CAD7B05E7E} = {827E0CD3-B72D-47B6-A68D-7590B98EB39B}
		{B4874556-861D-45C7-8AAD-FD6B962F796B} = {90298CBA-BD6F-3A0A-69D5-97CAD7B05E7E}
		{8CDB9A6A-6E22-4AED-AA22-8485A51E936A} = {90298CBA-BD6F-3A0A-69D5-97CAD7B05E7E}
		{EFEED1E4-B4EB-4755-8681-0887D02B524B} = {90298CBA-BD6F-3A0A-69D5-97CAD7B05E7E}
		{51147888-0173-4722-AB02-0FFDE6ACE34A} = {90298CBA-BD6F-3A0A-69D5-97CAD7B05E7E}
		{981C2CF6-E5BB-602A-511C-234B538302B0} = {827E0CD3-B72D-47B6-A68D-7590B98EB39B}
		{109B5ACF-D846-4837-A1EC-320193875EBB} = {981C2CF6-E5BB-602A-511C-234B538302B0}
		{EC447DCF-ABFA-6E24-52A5-D7FD48A5C558} = {827E0CD3-B72D-47B6-A68D-7590B98EB39B}
		{16222889-87C2-32AD-C80B-0C1FCB87E956} = {EC447DCF-ABFA-6E24-52A5-D7FD48A5C558}
		{1B2EB861-A977-4796-BD2B-2B2229FC04D9} = {16222889-87C2-32AD-C80B-0C1FCB87E956}
		{C7E200C6-F9C5-4696-972B-B7D473759E48} = {16222889-87C2-32AD-C80B-0C1FCB87E956}
		{D218722A-14E3-920A-1D95-FAFBE19E9EB3} = {EC447DCF-ABFA-6E24-52A5-D7FD48A5C558}
		{3276EC2F-6445-4BB7-A4E9-E32E25880735} = {D218722A-14E3-920A-1D95-FAFBE19E9EB3}
		{9B07ADDD-D25E-41E4-9332-F3BBA205C11C} = {D218722A-14E3-920A-1D95-FAFBE19E9EB3}
		{9D3561AD-3CFC-C0A5-8EF9-6DF8AED38940} = {EC447DCF-ABFA-6E24-52A5-D7FD48A5C558}
		{E992ACC5-AFB1-4E53-939A-B17ED041F71B} = {9D3561AD-3CFC-C0A5-8EF9-6DF8AED38940}
		{1ACE9CF2-8B9D-40EB-8B05-FEB6D8AB12CB} = {9D3561AD-3CFC-C0A5-8EF9-6DF8AED38940}
		{5AA62548-1C62-4321-9E27-96F996A70C30} = {EC447DCF-ABFA-6E24-52A5-D7FD48A5C558}
		{2D32219A-AAD9-4F1A-8DBF-CCC85AD5216B} = {5AA62548-1C62-4321-9E27-96F996A70C30}
		{E1616CFF-26F3-4B82-97D5-D6FEB679621D} = {5AA62548-1C62-4321-9E27-96F996A70C30}
		{18C073E0-6CB1-4693-3636-BFEE619A6192} = {EC447DCF-ABFA-6E24-52A5-D7FD48A5C558}
		{3519F48D-9603-4919-B874-C67411152D70} = {18C073E0-6CB1-4693-3636-BFEE619A6192}
		{D2C7C1E8-8380-48B4-B090-9BD2DF5F41B9} = {18C073E0-6CB1-4693-3636-BFEE619A6192}
		{4DA9DB7A-67F1-E1C4-D87F-47B852D6C0B5} = {EC447DCF-ABFA-6E24-52A5-D7FD48A5C558}
		{04B2CC06-9EC5-4196-BAA1-1115448BFBF3} = {4DA9DB7A-67F1-E1C4-D87F-47B852D6C0B5}
		{E1B6F551-8A22-42D3-8020-B02401976239} = {4DA9DB7A-67F1-E1C4-D87F-47B852D6C0B5}
		{92DF74E6-FA7B-4F17-AAC0-52235877ED8E} = {0AB3BF05-4346-4AA6-1389-037BE0695223}
		{AD2EE801-90B5-4787-A6C9-95B1B63CF4E9} = {0AB3BF05-4346-4AA6-1389-037BE0695223}
		{6DC60E15-A22D-4646-9465-77BAB6942FE3} = {0AB3BF05-4346-4AA6-1389-037BE0695223}
	EndGlobalSection
EndGlobal
